// !$*UTF8*$!
{
	archiveVersion = 1;
	classes = {
	};
	objectVersion = 46;
	objects = {

/* Begin PBXBuildFile section */
		052CD96A1B0BDD7800E1DCB9 /* AppDelegate.swift in Sources */ = {isa = PBXBuildFile; fileRef = 052CD9691B0BDD7800E1DCB9 /* AppDelegate.swift */; };
		052CD96C1B0BDD7800E1DCB9 /* ViewController.swift in Sources */ = {isa = PBXBuildFile; fileRef = 052CD96B1B0BDD7800E1DCB9 /* ViewController.swift */; };
		052CD96F1B0BDD7800E1DCB9 /* Main.storyboard in Resources */ = {isa = PBXBuildFile; fileRef = 052CD96D1B0BDD7800E1DCB9 /* Main.storyboard */; };
		052CD9711B0BDD7800E1DCB9 /* Images.xcassets in Resources */ = {isa = PBXBuildFile; fileRef = 052CD9701B0BDD7800E1DCB9 /* Images.xcassets */; };
		052CD9741B0BDD7800E1DCB9 /* LaunchScreen.xib in Resources */ = {isa = PBXBuildFile; fileRef = 052CD9721B0BDD7800E1DCB9 /* LaunchScreen.xib */; };
		052CD9801B0BDD7800E1DCB9 /* SigmundTests.swift in Sources */ = {isa = PBXBuildFile; fileRef = 052CD97F1B0BDD7800E1DCB9 /* SigmundTests.swift */; };
		052CD98E1B0BDDBC00E1DCB9 /* Fabric.framework in Frameworks */ = {isa = PBXBuildFile; fileRef = 052CD98A1B0BDDBC00E1DCB9 /* Fabric.framework */; };
		052CD98F1B0BDDBC00E1DCB9 /* TwitterKit.framework in Frameworks */ = {isa = PBXBuildFile; fileRef = 052CD98B1B0BDDBC00E1DCB9 /* TwitterKit.framework */; };
		052CD9901B0BDDBC00E1DCB9 /* TwitterKitResources.bundle in Resources */ = {isa = PBXBuildFile; fileRef = 052CD98C1B0BDDBC00E1DCB9 /* TwitterKitResources.bundle */; };
		052CD9911B0BDDBC00E1DCB9 /* TwitterCore.framework in Frameworks */ = {isa = PBXBuildFile; fileRef = 052CD98D1B0BDDBC00E1DCB9 /* TwitterCore.framework */; };
		05751B671B1FA0A600D30E39 /* File in Resources */ = {isa = PBXBuildFile; fileRef = 05751B661B1FA0A600D30E39 /* File */; };
		059500F41B116A4B0056C5D2 /* UIViewExtensions.swift in Sources */ = {isa = PBXBuildFile; fileRef = 059500F31B116A4B0056C5D2 /* UIViewExtensions.swift */; };
		059500F91B116A670056C5D2 /* DesignableView.swift in Sources */ = {isa = PBXBuildFile; fileRef = 059500F81B116A670056C5D2 /* DesignableView.swift */; };
		059500FB1B116A9D0056C5D2 /* DesignableTextField.swift in Sources */ = {isa = PBXBuildFile; fileRef = 059500FA1B116A9D0056C5D2 /* DesignableTextField.swift */; };
		05E865791B0D32D00091C9E6 /* Alamofire.framework in Frameworks */ = {isa = PBXBuildFile; fileRef = 05E865721B0D32C80091C9E6 /* Alamofire.framework */; };
		05E8657A1B0D32D00091C9E6 /* Alamofire.framework in Embed Frameworks */ = {isa = PBXBuildFile; fileRef = 05E865721B0D32C80091C9E6 /* Alamofire.framework */; settings = {ATTRIBUTES = (CodeSignOnCopy, RemoveHeadersOnCopy, ); }; };
		05FAE0CE1B1E4BBA0008A24F /* FBSDKCoreKit.framework in Frameworks */ = {isa = PBXBuildFile; fileRef = 05FAE0CB1B1E4BBA0008A24F /* FBSDKCoreKit.framework */; };
		05FAE0CF1B1E4BBA0008A24F /* FBSDKLoginKit.framework in Frameworks */ = {isa = PBXBuildFile; fileRef = 05FAE0CC1B1E4BBA0008A24F /* FBSDKLoginKit.framework */; };
		05FAE0D01B1E4BBA0008A24F /* FBSDKShareKit.framework in Frameworks */ = {isa = PBXBuildFile; fileRef = 05FAE0CD1B1E4BBA0008A24F /* FBSDKShareKit.framework */; };
/* End PBXBuildFile section */

/* Begin PBXContainerItemProxy section */
		052CD97A1B0BDD7800E1DCB9 /* PBXContainerItemProxy */ = {
			isa = PBXContainerItemProxy;
			containerPortal = 052CD95C1B0BDD7800E1DCB9 /* Project object */;
			proxyType = 1;
			remoteGlobalIDString = 052CD9631B0BDD7800E1DCB9;
			remoteInfo = Sigmund;
		};
		05E865711B0D32C80091C9E6 /* PBXContainerItemProxy */ = {
			isa = PBXContainerItemProxy;
			containerPortal = 05E8656A1B0D32C80091C9E6 /* Alamofire.xcodeproj */;
			proxyType = 2;
			remoteGlobalIDString = F8111E3319A95C8B0040E7D1;
			remoteInfo = "Alamofire iOS";
		};
		05E865731B0D32C80091C9E6 /* PBXContainerItemProxy */ = {
			isa = PBXContainerItemProxy;
			containerPortal = 05E8656A1B0D32C80091C9E6 /* Alamofire.xcodeproj */;
			proxyType = 2;
			remoteGlobalIDString = 4DD67C0B1A5C55C900ED2280;
			remoteInfo = "Alamofire OSX";
		};
		05E865751B0D32C80091C9E6 /* PBXContainerItemProxy */ = {
			isa = PBXContainerItemProxy;
			containerPortal = 05E8656A1B0D32C80091C9E6 /* Alamofire.xcodeproj */;
			proxyType = 2;
			remoteGlobalIDString = F8111E3E19A95C8B0040E7D1;
			remoteInfo = "Alamofire iOS Tests";
		};
		05E865771B0D32C80091C9E6 /* PBXContainerItemProxy */ = {
			isa = PBXContainerItemProxy;
			containerPortal = 05E8656A1B0D32C80091C9E6 /* Alamofire.xcodeproj */;
			proxyType = 2;
			remoteGlobalIDString = F829C6B21A7A94F100A2CD59;
			remoteInfo = "Alamofire OSX Tests";
		};
		05E8657B1B0D32D00091C9E6 /* PBXContainerItemProxy */ = {
			isa = PBXContainerItemProxy;
			containerPortal = 05E8656A1B0D32C80091C9E6 /* Alamofire.xcodeproj */;
			proxyType = 1;
			remoteGlobalIDString = F8111E3219A95C8B0040E7D1;
			remoteInfo = "Alamofire iOS";
		};
/* End PBXContainerItemProxy section */

/* Begin PBXCopyFilesBuildPhase section */
		052CD9F91B0BDEC300E1DCB9 /* Embed Frameworks */ = {
			isa = PBXCopyFilesBuildPhase;
			buildActionMask = 2147483647;
			dstPath = "";
			dstSubfolderSpec = 10;
			files = (
				05E8657A1B0D32D00091C9E6 /* Alamofire.framework in Embed Frameworks */,
			);
			name = "Embed Frameworks";
			runOnlyForDeploymentPostprocessing = 0;
		};
/* End PBXCopyFilesBuildPhase section */

/* Begin PBXFileReference section */
		052CD9641B0BDD7800E1DCB9 /* Sigmund.app */ = {isa = PBXFileReference; explicitFileType = wrapper.application; includeInIndex = 0; path = Sigmund.app; sourceTree = BUILT_PRODUCTS_DIR; };
		052CD9681B0BDD7800E1DCB9 /* Info.plist */ = {isa = PBXFileReference; lastKnownFileType = text.plist.xml; path = Info.plist; sourceTree = "<group>"; };
		052CD9691B0BDD7800E1DCB9 /* AppDelegate.swift */ = {isa = PBXFileReference; lastKnownFileType = sourcecode.swift; path = AppDelegate.swift; sourceTree = "<group>"; };
		052CD96B1B0BDD7800E1DCB9 /* ViewController.swift */ = {isa = PBXFileReference; lastKnownFileType = sourcecode.swift; path = ViewController.swift; sourceTree = "<group>"; };
		052CD96E1B0BDD7800E1DCB9 /* Base */ = {isa = PBXFileReference; lastKnownFileType = file.storyboard; name = Base; path = Base.lproj/Main.storyboard; sourceTree = "<group>"; };
		052CD9701B0BDD7800E1DCB9 /* Images.xcassets */ = {isa = PBXFileReference; lastKnownFileType = folder.assetcatalog; path = Images.xcassets; sourceTree = "<group>"; };
		052CD9731B0BDD7800E1DCB9 /* Base */ = {isa = PBXFileReference; lastKnownFileType = file.xib; name = Base; path = Base.lproj/LaunchScreen.xib; sourceTree = "<group>"; };
		052CD9791B0BDD7800E1DCB9 /* SigmundTests.xctest */ = {isa = PBXFileReference; explicitFileType = wrapper.cfbundle; includeInIndex = 0; path = SigmundTests.xctest; sourceTree = BUILT_PRODUCTS_DIR; };
		052CD97E1B0BDD7800E1DCB9 /* Info.plist */ = {isa = PBXFileReference; lastKnownFileType = text.plist.xml; path = Info.plist; sourceTree = "<group>"; };
		052CD97F1B0BDD7800E1DCB9 /* SigmundTests.swift */ = {isa = PBXFileReference; lastKnownFileType = sourcecode.swift; path = SigmundTests.swift; sourceTree = "<group>"; };
		052CD98A1B0BDDBC00E1DCB9 /* Fabric.framework */ = {isa = PBXFileReference; lastKnownFileType = wrapper.framework; path = Fabric.framework; sourceTree = "<group>"; };
		052CD98B1B0BDDBC00E1DCB9 /* TwitterKit.framework */ = {isa = PBXFileReference; lastKnownFileType = wrapper.framework; path = TwitterKit.framework; sourceTree = "<group>"; };
		052CD98C1B0BDDBC00E1DCB9 /* TwitterKitResources.bundle */ = {isa = PBXFileReference; lastKnownFileType = "wrapper.plug-in"; name = TwitterKitResources.bundle; path = TwitterKit.framework/Versions/A/Resources/TwitterKitResources.bundle; sourceTree = "<group>"; };
		052CD98D1B0BDDBC00E1DCB9 /* TwitterCore.framework */ = {isa = PBXFileReference; lastKnownFileType = wrapper.framework; path = TwitterCore.framework; sourceTree = "<group>"; };
		05751B661B1FA0A600D30E39 /* File */ = {isa = PBXFileReference; fileEncoding = 4; lastKnownFileType = text; path = File; sourceTree = "<group>"; };
		059500F31B116A4B0056C5D2 /* UIViewExtensions.swift */ = {isa = PBXFileReference; fileEncoding = 4; lastKnownFileType = sourcecode.swift; path = UIViewExtensions.swift; sourceTree = "<group>"; };
		059500F81B116A670056C5D2 /* DesignableView.swift */ = {isa = PBXFileReference; fileEncoding = 4; lastKnownFileType = sourcecode.swift; path = DesignableView.swift; sourceTree = "<group>"; };
		059500FA1B116A9D0056C5D2 /* DesignableTextField.swift */ = {isa = PBXFileReference; fileEncoding = 4; lastKnownFileType = sourcecode.swift; path = DesignableTextField.swift; sourceTree = "<group>"; };
		05E8656A1B0D32C80091C9E6 /* Alamofire.xcodeproj */ = {isa = PBXFileReference; lastKnownFileType = "wrapper.pb-project"; name = Alamofire.xcodeproj; path = Alamofire/Alamofire.xcodeproj; sourceTree = "<group>"; };
		05FAE0CB1B1E4BBA0008A24F /* FBSDKCoreKit.framework */ = {isa = PBXFileReference; lastKnownFileType = wrapper.framework; path = FBSDKCoreKit.framework; sourceTree = "<group>"; };
		05FAE0CC1B1E4BBA0008A24F /* FBSDKLoginKit.framework */ = {isa = PBXFileReference; lastKnownFileType = wrapper.framework; path = FBSDKLoginKit.framework; sourceTree = "<group>"; };
		05FAE0CD1B1E4BBA0008A24F /* FBSDKShareKit.framework */ = {isa = PBXFileReference; lastKnownFileType = wrapper.framework; path = FBSDKShareKit.framework; sourceTree = "<group>"; };
		05FAE0D21B1E4D560008A24F /* Sigmund-Bridging-Header.h */ = {isa = PBXFileReference; lastKnownFileType = sourcecode.c.h; path = "Sigmund-Bridging-Header.h"; sourceTree = "<group>"; };
/* End PBXFileReference section */

/* Begin PBXFrameworksBuildPhase section */
		052CD9611B0BDD7800E1DCB9 /* Frameworks */ = {
			isa = PBXFrameworksBuildPhase;
			buildActionMask = 2147483647;
			files = (
				05FAE0CE1B1E4BBA0008A24F /* FBSDKCoreKit.framework in Frameworks */,
				052CD98E1B0BDDBC00E1DCB9 /* Fabric.framework in Frameworks */,
				05FAE0CF1B1E4BBA0008A24F /* FBSDKLoginKit.framework in Frameworks */,
				05FAE0D01B1E4BBA0008A24F /* FBSDKShareKit.framework in Frameworks */,
				052CD9911B0BDDBC00E1DCB9 /* TwitterCore.framework in Frameworks */,
				052CD98F1B0BDDBC00E1DCB9 /* TwitterKit.framework in Frameworks */,
				05E865791B0D32D00091C9E6 /* Alamofire.framework in Frameworks */,
			);
			runOnlyForDeploymentPostprocessing = 0;
		};
		052CD9761B0BDD7800E1DCB9 /* Frameworks */ = {
			isa = PBXFrameworksBuildPhase;
			buildActionMask = 2147483647;
			files = (
			);
			runOnlyForDeploymentPostprocessing = 0;
		};
/* End PBXFrameworksBuildPhase section */

/* Begin PBXGroup section */
		052CD95B1B0BDD7800E1DCB9 = {
			isa = PBXGroup;
			children = (
				05751B661B1FA0A600D30E39 /* File */,
				05FAE0CB1B1E4BBA0008A24F /* FBSDKCoreKit.framework */,
				05FAE0CC1B1E4BBA0008A24F /* FBSDKLoginKit.framework */,
				05FAE0CD1B1E4BBA0008A24F /* FBSDKShareKit.framework */,
				05E8656A1B0D32C80091C9E6 /* Alamofire.xcodeproj */,
				052CD98A1B0BDDBC00E1DCB9 /* Fabric.framework */,
				052CD98B1B0BDDBC00E1DCB9 /* TwitterKit.framework */,
				052CD98C1B0BDDBC00E1DCB9 /* TwitterKitResources.bundle */,
				052CD98D1B0BDDBC00E1DCB9 /* TwitterCore.framework */,
				052CD9661B0BDD7800E1DCB9 /* Sigmund */,
				052CD97C1B0BDD7800E1DCB9 /* SigmundTests */,
				052CD9651B0BDD7800E1DCB9 /* Products */,
			);
			sourceTree = "<group>";
		};
		052CD9651B0BDD7800E1DCB9 /* Products */ = {
			isa = PBXGroup;
			children = (
				052CD9641B0BDD7800E1DCB9 /* Sigmund.app */,
				052CD9791B0BDD7800E1DCB9 /* SigmundTests.xctest */,
			);
			name = Products;
			sourceTree = "<group>";
		};
		052CD9661B0BDD7800E1DCB9 /* Sigmund */ = {
			isa = PBXGroup;
			children = (
				052CD9691B0BDD7800E1DCB9 /* AppDelegate.swift */,
				052CD96B1B0BDD7800E1DCB9 /* ViewController.swift */,
				059500F31B116A4B0056C5D2 /* UIViewExtensions.swift */,
				052CD96D1B0BDD7800E1DCB9 /* Main.storyboard */,
				052CD9701B0BDD7800E1DCB9 /* Images.xcassets */,
				052CD9721B0BDD7800E1DCB9 /* LaunchScreen.xib */,
				052CD9671B0BDD7800E1DCB9 /* Supporting Files */,
				059500F81B116A670056C5D2 /* DesignableView.swift */,
				059500FA1B116A9D0056C5D2 /* DesignableTextField.swift */,
				05FAE0D21B1E4D560008A24F /* Sigmund-Bridging-Header.h */,
			);
			path = Sigmund;
			sourceTree = "<group>";
		};
		052CD9671B0BDD7800E1DCB9 /* Supporting Files */ = {
			isa = PBXGroup;
			children = (
				052CD9681B0BDD7800E1DCB9 /* Info.plist */,
			);
			name = "Supporting Files";
			sourceTree = "<group>";
		};
		052CD97C1B0BDD7800E1DCB9 /* SigmundTests */ = {
			isa = PBXGroup;
			children = (
				052CD97F1B0BDD7800E1DCB9 /* SigmundTests.swift */,
				052CD97D1B0BDD7800E1DCB9 /* Supporting Files */,
			);
			path = SigmundTests;
			sourceTree = "<group>";
		};
		052CD97D1B0BDD7800E1DCB9 /* Supporting Files */ = {
			isa = PBXGroup;
			children = (
				052CD97E1B0BDD7800E1DCB9 /* Info.plist */,
			);
			name = "Supporting Files";
			sourceTree = "<group>";
		};
		05E8656B1B0D32C80091C9E6 /* Products */ = {
			isa = PBXGroup;
			children = (
				05E865721B0D32C80091C9E6 /* Alamofire.framework */,
				05E865741B0D32C80091C9E6 /* Alamofire.framework */,
				05E865761B0D32C80091C9E6 /* Alamofire iOS Tests.xctest */,
				05E865781B0D32C80091C9E6 /* Alamofire OSX Tests.xctest */,
			);
			name = Products;
			sourceTree = "<group>";
		};
/* End PBXGroup section */

/* Begin PBXNativeTarget section */
		052CD9631B0BDD7800E1DCB9 /* Sigmund */ = {
			isa = PBXNativeTarget;
			buildConfigurationList = 052CD9831B0BDD7800E1DCB9 /* Build configuration list for PBXNativeTarget "Sigmund" */;
			buildPhases = (
				052CD9601B0BDD7800E1DCB9 /* Sources */,
				052CD9611B0BDD7800E1DCB9 /* Frameworks */,
				052CD9621B0BDD7800E1DCB9 /* Resources */,
				052CD9891B0BDDAC00E1DCB9 /* ShellScript */,
				052CD9F91B0BDEC300E1DCB9 /* Embed Frameworks */,
			);
			buildRules = (
			);
			dependencies = (
				05E8657C1B0D32D00091C9E6 /* PBXTargetDependency */,
			);
			name = Sigmund;
			productName = Sigmund;
			productReference = 052CD9641B0BDD7800E1DCB9 /* Sigmund.app */;
			productType = "com.apple.product-type.application";
		};
		052CD9781B0BDD7800E1DCB9 /* SigmundTests */ = {
			isa = PBXNativeTarget;
			buildConfigurationList = 052CD9861B0BDD7800E1DCB9 /* Build configuration list for PBXNativeTarget "SigmundTests" */;
			buildPhases = (
				052CD9751B0BDD7800E1DCB9 /* Sources */,
				052CD9761B0BDD7800E1DCB9 /* Frameworks */,
				052CD9771B0BDD7800E1DCB9 /* Resources */,
			);
			buildRules = (
			);
			dependencies = (
				052CD97B1B0BDD7800E1DCB9 /* PBXTargetDependency */,
			);
			name = SigmundTests;
			productName = SigmundTests;
			productReference = 052CD9791B0BDD7800E1DCB9 /* SigmundTests.xctest */;
			productType = "com.apple.product-type.bundle.unit-test";
		};
/* End PBXNativeTarget section */

/* Begin PBXProject section */
		052CD95C1B0BDD7800E1DCB9 /* Project object */ = {
			isa = PBXProject;
			attributes = {
				LastSwiftUpdateCheck = 0700;
				LastUpgradeCheck = 0630;
				ORGANIZATIONNAME = IBM;
				TargetAttributes = {
					052CD9631B0BDD7800E1DCB9 = {
						CreatedOnToolsVersion = 6.3.1;
						DevelopmentTeam = 79VD7YQB9C;
					};
					052CD9781B0BDD7800E1DCB9 = {
						CreatedOnToolsVersion = 6.3.1;
						TestTargetID = 052CD9631B0BDD7800E1DCB9;
					};
				};
			};
			buildConfigurationList = 052CD95F1B0BDD7800E1DCB9 /* Build configuration list for PBXProject "Sigmund" */;
			compatibilityVersion = "Xcode 3.2";
			developmentRegion = English;
			hasScannedForEncodings = 0;
			knownRegions = (
				en,
				Base,
			);
			mainGroup = 052CD95B1B0BDD7800E1DCB9;
			productRefGroup = 052CD9651B0BDD7800E1DCB9 /* Products */;
			projectDirPath = "";
			projectReferences = (
				{
					ProductGroup = 05E8656B1B0D32C80091C9E6 /* Products */;
					ProjectRef = 05E8656A1B0D32C80091C9E6 /* Alamofire.xcodeproj */;
				},
			);
			projectRoot = "";
			targets = (
				052CD9631B0BDD7800E1DCB9 /* Sigmund */,
				052CD9781B0BDD7800E1DCB9 /* SigmundTests */,
			);
		};
/* End PBXProject section */

/* Begin PBXReferenceProxy section */
		05E865721B0D32C80091C9E6 /* Alamofire.framework */ = {
			isa = PBXReferenceProxy;
			fileType = wrapper.framework;
			path = Alamofire.framework;
			remoteRef = 05E865711B0D32C80091C9E6 /* PBXContainerItemProxy */;
			sourceTree = BUILT_PRODUCTS_DIR;
		};
		05E865741B0D32C80091C9E6 /* Alamofire.framework */ = {
			isa = PBXReferenceProxy;
			fileType = wrapper.framework;
			path = Alamofire.framework;
			remoteRef = 05E865731B0D32C80091C9E6 /* PBXContainerItemProxy */;
			sourceTree = BUILT_PRODUCTS_DIR;
		};
		05E865761B0D32C80091C9E6 /* Alamofire iOS Tests.xctest */ = {
			isa = PBXReferenceProxy;
			fileType = wrapper.cfbundle;
			path = "Alamofire iOS Tests.xctest";
			remoteRef = 05E865751B0D32C80091C9E6 /* PBXContainerItemProxy */;
			sourceTree = BUILT_PRODUCTS_DIR;
		};
		05E865781B0D32C80091C9E6 /* Alamofire OSX Tests.xctest */ = {
			isa = PBXReferenceProxy;
			fileType = wrapper.cfbundle;
			path = "Alamofire OSX Tests.xctest";
			remoteRef = 05E865771B0D32C80091C9E6 /* PBXContainerItemProxy */;
			sourceTree = BUILT_PRODUCTS_DIR;
		};
/* End PBXReferenceProxy section */

/* Begin PBXResourcesBuildPhase section */
		052CD9621B0BDD7800E1DCB9 /* Resources */ = {
			isa = PBXResourcesBuildPhase;
			buildActionMask = 2147483647;
			files = (
				052CD9901B0BDDBC00E1DCB9 /* TwitterKitResources.bundle in Resources */,
				052CD96F1B0BDD7800E1DCB9 /* Main.storyboard in Resources */,
				052CD9741B0BDD7800E1DCB9 /* LaunchScreen.xib in Resources */,
				052CD9711B0BDD7800E1DCB9 /* Images.xcassets in Resources */,
				05751B671B1FA0A600D30E39 /* File in Resources */,
			);
			runOnlyForDeploymentPostprocessing = 0;
		};
		052CD9771B0BDD7800E1DCB9 /* Resources */ = {
			isa = PBXResourcesBuildPhase;
			buildActionMask = 2147483647;
			files = (
			);
			runOnlyForDeploymentPostprocessing = 0;
		};
/* End PBXResourcesBuildPhase section */

/* Begin PBXShellScriptBuildPhase section */
		052CD9891B0BDDAC00E1DCB9 /* ShellScript */ = {
			isa = PBXShellScriptBuildPhase;
			buildActionMask = 2147483647;
			files = (
			);
			inputPaths = (
			);
			outputPaths = (
			);
			runOnlyForDeploymentPostprocessing = 0;
			shellPath = /bin/sh;
			shellScript = "./Fabric.framework/run 9f49554ebc9a1bc7af0c381032e802d1a000ff4c a8bb69cafb8d862e8e557bbbe4bf8ff42ad76777220f212d30f8b481abaaa644";
		};
/* End PBXShellScriptBuildPhase section */

/* Begin PBXSourcesBuildPhase section */
		052CD9601B0BDD7800E1DCB9 /* Sources */ = {
			isa = PBXSourcesBuildPhase;
			buildActionMask = 2147483647;
			files = (
				059500F91B116A670056C5D2 /* DesignableView.swift in Sources */,
				052CD96C1B0BDD7800E1DCB9 /* ViewController.swift in Sources */,
				059500FB1B116A9D0056C5D2 /* DesignableTextField.swift in Sources */,
				059500F41B116A4B0056C5D2 /* UIViewExtensions.swift in Sources */,
				052CD96A1B0BDD7800E1DCB9 /* AppDelegate.swift in Sources */,
			);
			runOnlyForDeploymentPostprocessing = 0;
		};
		052CD9751B0BDD7800E1DCB9 /* Sources */ = {
			isa = PBXSourcesBuildPhase;
			buildActionMask = 2147483647;
			files = (
				052CD9801B0BDD7800E1DCB9 /* SigmundTests.swift in Sources */,
			);
			runOnlyForDeploymentPostprocessing = 0;
		};
/* End PBXSourcesBuildPhase section */

/* Begin PBXTargetDependency section */
		052CD97B1B0BDD7800E1DCB9 /* PBXTargetDependency */ = {
			isa = PBXTargetDependency;
			target = 052CD9631B0BDD7800E1DCB9 /* Sigmund */;
			targetProxy = 052CD97A1B0BDD7800E1DCB9 /* PBXContainerItemProxy */;
		};
		05E8657C1B0D32D00091C9E6 /* PBXTargetDependency */ = {
			isa = PBXTargetDependency;
			name = "Alamofire iOS";
			targetProxy = 05E8657B1B0D32D00091C9E6 /* PBXContainerItemProxy */;
		};
/* End PBXTargetDependency section */

/* Begin PBXVariantGroup section */
		052CD96D1B0BDD7800E1DCB9 /* Main.storyboard */ = {
			isa = PBXVariantGroup;
			children = (
				052CD96E1B0BDD7800E1DCB9 /* Base */,
			);
			name = Main.storyboard;
			sourceTree = "<group>";
		};
		052CD9721B0BDD7800E1DCB9 /* LaunchScreen.xib */ = {
			isa = PBXVariantGroup;
			children = (
				052CD9731B0BDD7800E1DCB9 /* Base */,
			);
			name = LaunchScreen.xib;
			sourceTree = "<group>";
		};
/* End PBXVariantGroup section */

/* Begin XCBuildConfiguration section */
		052CD9811B0BDD7800E1DCB9 /* Debug */ = {
			isa = XCBuildConfiguration;
			buildSettings = {
				ALWAYS_SEARCH_USER_PATHS = NO;
				CLANG_CXX_LANGUAGE_STANDARD = "gnu++0x";
				CLANG_CXX_LIBRARY = "libc++";
				CLANG_ENABLE_MODULES = YES;
				CLANG_ENABLE_OBJC_ARC = YES;
				CLANG_WARN_BOOL_CONVERSION = YES;
				CLANG_WARN_CONSTANT_CONVERSION = YES;
				CLANG_WARN_DIRECT_OBJC_ISA_USAGE = YES_ERROR;
				CLANG_WARN_EMPTY_BODY = YES;
				CLANG_WARN_ENUM_CONVERSION = YES;
				CLANG_WARN_INT_CONVERSION = YES;
				CLANG_WARN_OBJC_ROOT_CLASS = YES_ERROR;
				CLANG_WARN_UNREACHABLE_CODE = YES;
				CLANG_WARN__DUPLICATE_METHOD_MATCH = YES;
				"CODE_SIGN_IDENTITY[sdk=iphoneos*]" = "iPhone Developer";
				COPY_PHASE_STRIP = NO;
				DEBUG_INFORMATION_FORMAT = "dwarf-with-dsym";
				ENABLE_STRICT_OBJC_MSGSEND = YES;
				GCC_C_LANGUAGE_STANDARD = gnu99;
				GCC_DYNAMIC_NO_PIC = NO;
				GCC_NO_COMMON_BLOCKS = YES;
				GCC_OPTIMIZATION_LEVEL = 0;
				GCC_PREPROCESSOR_DEFINITIONS = (
					"DEBUG=1",
					"$(inherited)",
				);
				GCC_SYMBOLS_PRIVATE_EXTERN = NO;
				GCC_WARN_64_TO_32_BIT_CONVERSION = YES;
				GCC_WARN_ABOUT_RETURN_TYPE = YES_ERROR;
				GCC_WARN_UNDECLARED_SELECTOR = YES;
				GCC_WARN_UNINITIALIZED_AUTOS = YES_AGGRESSIVE;
				GCC_WARN_UNUSED_FUNCTION = YES;
				GCC_WARN_UNUSED_VARIABLE = YES;
				IPHONEOS_DEPLOYMENT_TARGET = 8.3;
				MTL_ENABLE_DEBUG_INFO = YES;
				ONLY_ACTIVE_ARCH = YES;
				SDKROOT = iphoneos;
				SWIFT_OPTIMIZATION_LEVEL = "-Onone";
				TARGETED_DEVICE_FAMILY = 2;
			};
			name = Debug;
		};
		052CD9821B0BDD7800E1DCB9 /* Release */ = {
			isa = XCBuildConfiguration;
			buildSettings = {
				ALWAYS_SEARCH_USER_PATHS = NO;
				CLANG_CXX_LANGUAGE_STANDARD = "gnu++0x";
				CLANG_CXX_LIBRARY = "libc++";
				CLANG_ENABLE_MODULES = YES;
				CLANG_ENABLE_OBJC_ARC = YES;
				CLANG_WARN_BOOL_CONVERSION = YES;
				CLANG_WARN_CONSTANT_CONVERSION = YES;
				CLANG_WARN_DIRECT_OBJC_ISA_USAGE = YES_ERROR;
				CLANG_WARN_EMPTY_BODY = YES;
				CLANG_WARN_ENUM_CONVERSION = YES;
				CLANG_WARN_INT_CONVERSION = YES;
				CLANG_WARN_OBJC_ROOT_CLASS = YES_ERROR;
				CLANG_WARN_UNREACHABLE_CODE = YES;
				CLANG_WARN__DUPLICATE_METHOD_MATCH = YES;
				"CODE_SIGN_IDENTITY[sdk=iphoneos*]" = "iPhone Developer";
				COPY_PHASE_STRIP = NO;
				DEBUG_INFORMATION_FORMAT = "dwarf-with-dsym";
				ENABLE_NS_ASSERTIONS = NO;
				ENABLE_STRICT_OBJC_MSGSEND = YES;
				GCC_C_LANGUAGE_STANDARD = gnu99;
				GCC_NO_COMMON_BLOCKS = YES;
				GCC_WARN_64_TO_32_BIT_CONVERSION = YES;
				GCC_WARN_ABOUT_RETURN_TYPE = YES_ERROR;
				GCC_WARN_UNDECLARED_SELECTOR = YES;
				GCC_WARN_UNINITIALIZED_AUTOS = YES_AGGRESSIVE;
				GCC_WARN_UNUSED_FUNCTION = YES;
				GCC_WARN_UNUSED_VARIABLE = YES;
				IPHONEOS_DEPLOYMENT_TARGET = 8.3;
				MTL_ENABLE_DEBUG_INFO = NO;
				SDKROOT = iphoneos;
				TARGETED_DEVICE_FAMILY = 2;
				VALIDATE_PRODUCT = YES;
			};
			name = Release;
		};
		052CD9841B0BDD7800E1DCB9 /* Debug */ = {
			isa = XCBuildConfiguration;
			buildSettings = {
				ASSETCATALOG_COMPILER_APPICON_NAME = AppIcon;
				CLANG_ENABLE_MODULES = YES;
				CODE_SIGN_IDENTITY = "iPhone Developer";
				FRAMEWORK_SEARCH_PATHS = (
					"$(inherited)",
					"$(PROJECT_DIR)",
				);
				INFOPLIST_FILE = Sigmund/Info.plist;
				IPHONEOS_DEPLOYMENT_TARGET = 8.0;
				LD_RUNPATH_SEARCH_PATHS = "$(inherited) @executable_path/Frameworks";
				PRODUCT_NAME = "$(TARGET_NAME)";
				SWIFT_OBJC_BRIDGING_HEADER = "Sigmund/Sigmund-Bridging-Header.h";
				SWIFT_OPTIMIZATION_LEVEL = "-Onone";
				TARGETED_DEVICE_FAMILY = "1,2";
			};
			name = Debug;
		};
		052CD9851B0BDD7800E1DCB9 /* Release */ = {
			isa = XCBuildConfiguration;
			buildSettings = {
				ASSETCATALOG_COMPILER_APPICON_NAME = AppIcon;
				CLANG_ENABLE_MODULES = YES;
				CODE_SIGN_IDENTITY = "iPhone Developer";
				FRAMEWORK_SEARCH_PATHS = (
					"$(inherited)",
					"$(PROJECT_DIR)",
				);
				INFOPLIST_FILE = Sigmund/Info.plist;
				IPHONEOS_DEPLOYMENT_TARGET = 8.0;
				LD_RUNPATH_SEARCH_PATHS = "$(inherited) @executable_path/Frameworks";
				PRODUCT_NAME = "$(TARGET_NAME)";
				SWIFT_OBJC_BRIDGING_HEADER = "Sigmund/Sigmund-Bridging-Header.h";
				TARGETED_DEVICE_FAMILY = "1,2";
			};
			name = Release;
		};
		052CD9871B0BDD7800E1DCB9 /* Debug */ = {
			isa = XCBuildConfiguration;
			buildSettings = {
				BUNDLE_LOADER = "$(TEST_HOST)";
				FRAMEWORK_SEARCH_PATHS = (
					"$(SDKROOT)/Developer/Library/Frameworks",
					"$(inherited)",
				);
				GCC_PREPROCESSOR_DEFINITIONS = (
					"DEBUG=1",
					"$(inherited)",
				);
				INFOPLIST_FILE = SigmundTests/Info.plist;
				LD_RUNPATH_SEARCH_PATHS = "$(inherited) @executable_path/Frameworks @loader_path/Frameworks";
				PRODUCT_NAME = "$(TARGET_NAME)";
				TEST_HOST = "$(BUILT_PRODUCTS_DIR)/Sigmund.app/Sigmund";
			};
			name = Debug;
		};
		052CD9881B0BDD7800E1DCB9 /* Release */ = {
			isa = XCBuildConfiguration;
			buildSettings = {
				BUNDLE_LOADER = "$(TEST_HOST)";
				FRAMEWORK_SEARCH_PATHS = (
					"$(SDKROOT)/Developer/Library/Frameworks",
					"$(inherited)",
				);
				INFOPLIST_FILE = SigmundTests/Info.plist;
				LD_RUNPATH_SEARCH_PATHS = "$(inherited) @executable_path/Frameworks @loader_path/Frameworks";
				PRODUCT_NAME = "$(TARGET_NAME)";
				TEST_HOST = "$(BUILT_PRODUCTS_DIR)/Sigmund.app/Sigmund";
			};
			name = Release;
		};
/* End XCBuildConfiguration section */

/* Begin XCConfigurationList section */
		052CD95F1B0BDD7800E1DCB9 /* Build configuration list for PBXProject "Sigmund" */ = {
			isa = XCConfigurationList;
			buildConfigurations = (
				052CD9811B0BDD7800E1DCB9 /* Debug */,
				052CD9821B0BDD7800E1DCB9 /* Release */,
			);
			defaultConfigurationIsVisible = 0;
			defaultConfigurationName = Release;
		};
		052CD9831B0BDD7800E1DCB9 /* Build configuration list for PBXNativeTarget "Sigmund" */ = {
			isa = XCConfigurationList;
			buildConfigurations = (
				052CD9841B0BDD7800E1DCB9 /* Debug */,
				052CD9851B0BDD7800E1DCB9 /* Release */,
			);
			defaultConfigurationIsVisible = 0;
			defaultConfigurationName = Release;
		};
		052CD9861B0BDD7800E1DCB9 /* Build configuration list for PBXNativeTarget "SigmundTests" */ = {
			isa = XCConfigurationList;
			buildConfigurations = (
				052CD9871B0BDD7800E1DCB9 /* Debug */,
				052CD9881B0BDD7800E1DCB9 /* Release */,
			);
			defaultConfigurationIsVisible = 0;
			defaultConfigurationName = Release;
		};
/* End XCConfigurationList section */
	};
	rootObject = 052CD95C1B0BDD7800E1DCB9 /* Project object */;
}
